
Microsoft Visual Studio Solution File, Format Version 12.00
# Visual Studio Version 17
VisualStudioVersion = 17.14.36310.24 d17.14
MinimumVisualStudioVersion = 10.0.40219.1
Project("{8BC9CEB8-8B4A-11D0-8D11-00A0C91BC942}") = "Banking_Account_Inheritance_Project", "Banking_Account_Inheritance_Project.vcxproj", "{D81061CD-5D82-46A2-89B7-F0C1E9B71576}"
EndProject
Global
	GlobalSection(SolutionConfigurationPlatforms) = preSolution
		Debug|x64 = Debug|x64
		Debug|x86 = Debug|x86
		Release|x64 = Release|x64
		Release|x86 = Release|x86
	EndGlobalSection
	GlobalSection(ProjectConfigurationPlatforms) = postSolution
		{D81061CD-5D82-46A2-89B7-F0C1E9B71576}.Debug|x64.ActiveCfg = Debug|x64
		{D81061CD-5D82-46A2-89B7-F0C1E9B71576}.Debug|x64.Build.0 = Debug|x64
		{D81061CD-5D82-46A2-89B7-F0C1E9B71576}.Debug|x86.ActiveCfg = Debug|Win32
		{D81061CD-5D82-46A2-89B7-F0C1E9B71576}.Debug|x86.Build.0 = Debug|Win32
		{D81061CD-5D82-46A2-89B7-F0C1E9B71576}.Release|x64.ActiveCfg = Release|x64
		{D81061CD-5D82-46A2-89B7-F0C1E9B71576}.Release|x64.Build.0 = Release|x64
		{D81061CD-5D82-46A2-89B7-F0C1E9B71576}.Release|x86.ActiveCfg = Release|Win32
		{D81061CD-5D82-46A2-89B7-F0C1E9B71576}.Release|x86.Build.0 = Release|Win32
	EndGlobalSection
	GlobalSection(SolutionProperties) = preSolution
		HideSolutionNode = FALSE
	EndGlobalSection
	GlobalSection(ExtensibilityGlobals) = postSolution
		SolutionGuid = {CF91E88C-008F-45A2-9556-DDA372E62B6D}
	EndGlobalSection
EndGlobal
